{
  "name": "servoeye",
  "version": "1.0.0",
  "lockfileVersion": 2,
  "requires": true,
  "packages": {
    "": {
      "name": "servoeye",
      "version": "1.0.0",
      "license": "ISC",
      "dependencies": {
        "osc-js": "^2.1.2",
        "pigpio": "^3.3.1"
      }
    },
    "node_modules/bindings": {
      "version": "1.5.0",
      "license": "MIT",
      "dependencies": {
        "file-uri-to-path": "1.0.0"
      }
    },
    "node_modules/file-uri-to-path": {
      "version": "1.0.0",
      "license": "MIT"
    },
    "node_modules/isomorphic-ws": {
      "version": "4.0.1",
      "resolved": "https://registry.npmjs.org/isomorphic-ws/-/isomorphic-ws-4.0.1.tgz",
      "integrity": "sha512-BhBvN2MBpWTaSHdWRb/bwdZJ1WaehQ2L1KngkCkfLUGF0mAWAT1sQUQacEmQ0jXkFw/czDXPNQSL5u2/Krsz1w==",
      "peerDependencies": {
        "ws": "*"
      }
    },
    "node_modules/nan": {
      "version": "2.15.0",
      "license": "MIT"
    },
    "node_modules/osc-js": {
      "version": "2.1.2",
      "resolved": "https://registry.npmjs.org/osc-js/-/osc-js-2.1.2.tgz",
      "integrity": "sha512-bu1sT1VMc39SB/OCZITd/qUWisj8/5nLObQphgHY+mX7rkyJhIiYZENkMPbBohKy6PCEU1/aCW7Kuot+Vi666Q==",
      "dependencies": {
        "isomorphic-ws": "4.0.1",
        "ws": "7.4.2"
      }
    },
    "node_modules/pigpio": {
      "version": "3.3.1",
      "resolved": "https://registry.npmjs.org/pigpio/-/pigpio-3.3.1.tgz",
      "integrity": "sha512-z7J55K14IwWkA+oW5JHzWcgwThFAuJ7IzV3A2//yRm4jJ2DTU0DHIy91DB0siOi12rvvlrIhRetEuAo0ztF/vQ==",
      "hasInstallScript": true,
      "dependencies": {
        "bindings": "^1.5.0",
        "nan": "^2.14.2"
      },
      "engines": {
        "node": ">=10.0.0"
      }
    },
    "node_modules/ws": {
      "version": "7.4.2",
      "resolved": "https://registry.npmjs.org/ws/-/ws-7.4.2.tgz",
      "integrity": "sha512-T4tewALS3+qsrpGI/8dqNMLIVdq/g/85U98HPMa6F0m6xTbvhXU6RCQLqPH3+SlomNV/LdY6RXEbBpMH6EOJnA==",
      "engines": {
        "node": ">=8.3.0"
      },
      "peerDependencies": {
        "bufferutil": "^4.0.1",
        "utf-8-validate": "^5.0.2"
      },
      "peerDependenciesMeta": {
        "bufferutil": {
          "optional": true
        },
        "utf-8-validate": {
          "optional": true
        }
      }
    }
  },
  "dependencies": {
    "bindings": {
      "version": "1.5.0",
      "requires": {
        "file-uri-to-path": "1.0.0"
      }
    },
    "file-uri-to-path": {
      "version": "1.0.0"
    },
    "isomorphic-ws": {
      "version": "4.0.1",
      "resolved": "https://registry.npmjs.org/isomorphic-ws/-/isomorphic-ws-4.0.1.tgz",
      "integrity": "sha512-BhBvN2MBpWTaSHdWRb/bwdZJ1WaehQ2L1KngkCkfLUGF0mAWAT1sQUQacEmQ0jXkFw/czDXPNQSL5u2/Krsz1w==",
      "requires": {}
    },
    "nan": {
      "version": "2.15.0"
    },
    "osc-js": {
      "version": "2.1.2",
      "resolved": "https://registry.npmjs.org/osc-js/-/osc-js-2.1.2.tgz",
      "integrity": "sha512-bu1sT1VMc39SB/OCZITd/qUWisj8/5nLObQphgHY+mX7rkyJhIiYZENkMPbBohKy6PCEU1/aCW7Kuot+Vi666Q==",
      "requires": {
        "isomorphic-ws": "4.0.1",
        "ws": "7.4.2"
      }
    },
    "pigpio": {
      "version": "3.3.1",
      "resolved": "https://registry.npmjs.org/pigpio/-/pigpio-3.3.1.tgz",
      "integrity": "sha512-z7J55K14IwWkA+oW5JHzWcgwThFAuJ7IzV3A2//yRm4jJ2DTU0DHIy91DB0siOi12rvvlrIhRetEuAo0ztF/vQ==",
      "requires": {
        "bindings": "^1.5.0",
        "nan": "^2.14.2"
      }
    },
    "ws": {
      "version": "7.4.2",
      "resolved": "https://registry.npmjs.org/ws/-/ws-7.4.2.tgz",
      "integrity": "sha512-T4tewALS3+qsrpGI/8dqNMLIVdq/g/85U98HPMa6F0m6xTbvhXU6RCQLqPH3+SlomNV/LdY6RXEbBpMH6EOJnA==",
      "requires": {}
    }
  }
}
